
Microsoft Visual Studio Solution File, Format Version 12.00
# Visual Studio Version 16
VisualStudioVersion = 16.0.31702.278
MinimumVisualStudioVersion = 10.0.40219.1
Project("{FAE04EC0-301F-11D3-BF4B-00C04F79EFBC}") = "AbstractFactoryCars", "AbstractFactoryCars\AbstractFactoryCars.csproj", "{FF01AE6A-4A8C-4F47-9321-727A7AEE1B7E}"
EndProject
Global
	GlobalSection(SolutionConfigurationPlatforms) = preSolution
		Debug|Any CPU = Debug|Any CPU
		Release|Any CPU = Release|Any CPU
	EndGlobalSection
	GlobalSection(ProjectConfigurationPlatforms) = postSolution
		{FF01AE6A-4A8C-4F47-9321-727A7AEE1B7E}.Debug|Any CPU.ActiveCfg = Debug|Any CPU
		{FF01AE6A-4A8C-4F47-9321-727A7AEE1B7E}.Debug|Any CPU.Build.0 = Debug|Any CPU
		{FF01AE6A-4A8C-4F47-9321-727A7AEE1B7E}.Release|Any CPU.ActiveCfg = Release|Any CPU
		{FF01AE6A-4A8C-4F47-9321-727A7AEE1B7E}.Release|Any CPU.Build.0 = Release|Any CPU
	EndGlobalSection
	GlobalSection(SolutionProperties) = preSolution
		HideSolutionNode = FALSE
	EndGlobalSection
	GlobalSection(ExtensibilityGlobals) = postSolution
		SolutionGuid = {FC39C176-A99D-484E-B605-BBED60377F25}
	EndGlobalSection
EndGlobal
